
Microsoft Visual Studio Solution File, Format Version 12.00
# Visual Studio Version 17
VisualStudioVersion = 17.4.33213.308
MinimumVisualStudioVersion = 10.0.40219.1
Project("{FAE04EC0-301F-11D3-BF4B-00C04F79EFBC}") = "Exam", "Exam.csproj", "{45155C53-D34A-4395-BFDF-78D3A2E47786}"
EndProject
Global
	GlobalSection(SolutionConfigurationPlatforms) = preSolution
		Debug|Any CPU = Debug|Any CPU
		Release|Any CPU = Release|Any CPU
	EndGlobalSection
	GlobalSection(ProjectConfigurationPlatforms) = postSolution
		{45155C53-D34A-4395-BFDF-78D3A2E47786}.Debug|Any CPU.ActiveCfg = Debug|Any CPU
		{45155C53-D34A-4395-BFDF-78D3A2E47786}.Debug|Any CPU.Build.0 = Debug|Any CPU
		{45155C53-D34A-4395-BFDF-78D3A2E47786}.Release|Any CPU.ActiveCfg = Release|Any CPU
		{45155C53-D34A-4395-BFDF-78D3A2E47786}.Release|Any CPU.Build.0 = Release|Any CPU
	EndGlobalSection
	GlobalSection(SolutionProperties) = preSolution
		HideSolutionNode = FALSE
	EndGlobalSection
	GlobalSection(ExtensibilityGlobals) = postSolution
		SolutionGuid = {964CC397-16FB-429F-B45B-E1B1D49A136C}
	EndGlobalSection
EndGlobal
